schema: '2.0'
stages:
  process_data:
    cmd: python src\training\process_data.py
    deps:
    - path: data/raw/train.csv
      hash: md5
      md5: 2309cc5f04782ed9bb6016d9f4e381cf
      size: 61194
    params:
      params.yaml:
        data:
          raw_path: data/raw
          processed_path: data/processed
          file_name: train
          target_column: Survived
          test_path: data/processed/train-test.parquet
        split:
          test_size: 0.3
          random_state: 12
    outs:
    - path: data/processed/train-test.parquet
      hash: md5
      md5: c607e7aaf1f52560243547803a42af3c
      size: 9206
    - path: data/processed/train-train.parquet
      hash: md5
      md5: 5cef8bcf6c09f26cf89a2d4afd7b1e97
      size: 12800
  train:
    cmd: python src\training\train.py
    deps:
    - path: data/processed/train-train.parquet
      hash: md5
      md5: 5cef8bcf6c09f26cf89a2d4afd7b1e97
      size: 12800
    params:
      params.yaml:
        experiment:
          name: my-titanic-experiments
          DAGSHUB_USERNAME: kenzy.3ab7alim
          DAGSHUB_REPO: MLOps-Labs
        model:
          logistic:
            max_iter: 50
            C: 0.4
          random_forest:
            random_state: 40
            n_estimators: 9
            max_depth: 12
            min_samples_split: 3
            min_samples_leaf: 10
  evaluate:
    cmd: python src\training\evaluate.py
    deps:
    - path: data/processed/train-test.parquet
      hash: md5
      md5: c607e7aaf1f52560243547803a42af3c
      size: 9206
    params:
      params.yaml:
        experiment:
          name: my-titanic-experiments
          DAGSHUB_USERNAME: kenzy.3ab7alim
          DAGSHUB_REPO: MLOps-Labs
        model:
          logistic:
            max_iter: 50
            C: 0.4
          random_forest:
            random_state: 40
            n_estimators: 9
            max_depth: 12
            min_samples_split: 3
            min_samples_leaf: 10
  process_data_1:
    cmd: python src\training\process_data.py titanic
    deps:
    - path: data/raw/train.csv
      hash: md5
      md5: 2309cc5f04782ed9bb6016d9f4e381cf
      size: 61194
    params:
      params.yaml:
        titanic.data:
          raw_path: data/raw
          processed_path: data/processed
          file_name: train
          target_column: Survived
        titanic.split:
          test_size: 0.3
          random_state: 48
    outs:
    - path: data/processed/train-test.parquet
      hash: md5
      md5: 1df9b3e552c2613e5f18f807ccc3e14d
      size: 9149
    - path: data/processed/train-train.parquet
      hash: md5
      md5: 55627af2cd6dcb0d9e529aea5e3e4216
      size: 12851
  train_1:
    cmd: python src\training\train.py titanic
    deps:
    - path: data/processed/train-test.parquet
      hash: md5
      md5: 1df9b3e552c2613e5f18f807ccc3e14d
      size: 9149
    params:
      params.yaml:
        titanic.model:
          logistic:
            max_iter: 82
            C: 0.4
          random_forest:
            random_state: 42
            n_estimators: 7
            max_depth: 8
            min_samples_split: 6
            min_samples_leaf: 17
    outs:
    - path: models/best_model.pkl
      hash: md5
      md5: 025ed15fed0ca339d071422139f2ab91
      size: 3216
  evaluate_1:
    cmd: python src\training\evaluate.py titanic
    deps:
    - path: data/processed/train-test.parquet
      hash: md5
      md5: 1df9b3e552c2613e5f18f807ccc3e14d
      size: 9149
    - path: models/best_model.pkl
      hash: md5
      md5: 025ed15fed0ca339d071422139f2ab91
      size: 3216
    params:
      params.yaml:
        titanic.output.metrics_path: reports/metrics.json
        titanic.output.model_path: models/best_model.pkl
    outs:
    - path: reports/metrics.json
      hash: md5
      md5: 439d7fabfeb2c88a974d2cdf93664050
      size: 113
  process_data_2:
    cmd: python src\training\process_data.py titanic2
    deps:
    - path: data/raw/train.csv
      hash: md5
      md5: 2309cc5f04782ed9bb6016d9f4e381cf
      size: 61194
    params:
      params.yaml:
        titanic2.data:
          raw_path: data/raw
          processed_path: data/processed
          file_name: train
          target_column: Survived
        titanic2.split:
          test_size: 0.2
          random_state: 11
    outs:
    - path: data/processed/train-test-2.parquet
      hash: md5
      md5: 4b9204a828de7abfa2967f7342515a2c
      size: 8224
    - path: data/processed/train-train-2.parquet
      hash: md5
      md5: 720d2b671b6ebfea7e597b6f4cc2a87e
      size: 13717
  train_2:
    cmd: python src\training\train.py titanic2
    deps:
    - path: data/processed/train-train-2.parquet
      hash: md5
      md5: 720d2b671b6ebfea7e597b6f4cc2a87e
      size: 13717
    params:
      params.yaml:
        titanic2.model:
          logistic:
            max_iter: 410
            C: 0.5
          random_forest:
            random_state: 5
            n_estimators: 10
            max_depth: 9
            min_samples_split: 9
            min_samples_leaf: 7
    outs:
    - path: models/best_model2.pkl
      hash: md5
      md5: 3263962bb4666e0a78a29a452e0b9eee
      size: 48559
  evaluate_2:
    cmd: python src\training\evaluate.py titanic2
    deps:
    - path: data/processed/train-test-2.parquet
      hash: md5
      md5: 4b9204a828de7abfa2967f7342515a2c
      size: 8224
    - path: models/best_model2.pkl
      hash: md5
      md5: 3263962bb4666e0a78a29a452e0b9eee
      size: 48559
    params:
      params.yaml:
        titanic2.output.metrics_path: reports/metrics2.json
        titanic2.output.model_path: models/best_model2.pkl
    outs:
    - path: reports/metrics2.json
      hash: md5
      md5: e8ffcc1c21daa234ed64a2cf8b465fb7
      size: 113
  process_data_3:
    cmd: python src\training\process_data.py titanic3
    deps:
    - path: data/raw/train.csv
      hash: md5
      md5: 2309cc5f04782ed9bb6016d9f4e381cf
      size: 61194
    params:
      params.yaml:
        titanic3.data:
          raw_path: data/raw
          processed_path: data/processed
          file_name: train
          target_column: Survived
        titanic3.split:
          test_size: 0.8
          random_state: 10
    outs:
    - path: data/processed/train-test-3.parquet
      hash: md5
      md5: d8c97026fbee0bfbe9baf9e815ada5dc
      size: 13692
    - path: data/processed/train-train-3.parquet
      hash: md5
      md5: 2226b519ff6d47ca39224bbc300e66b8
      size: 8172
  train_3:
    cmd: python src\training\train.py titanic3
    deps:
    - path: data/processed/train-train-3.parquet
      hash: md5
      md5: 2226b519ff6d47ca39224bbc300e66b8
      size: 8172
    params:
      params.yaml:
        titanic3.model:
          logistic:
            max_iter: 409
            C: 0.5
          random_forest:
            random_state: 5
            n_estimators: 17
            max_depth: 9
            min_samples_split: 9
            min_samples_leaf: 10
    outs:
    - path: models/best_model3.pkl
      hash: md5
      md5: 9435aff6d31202481fe384e353e3f8b1
      size: 61004
  evaluate_3:
    cmd: python src\training\evaluate.py titanic3
    deps:
    - path: data/processed/train-test-3.parquet
      hash: md5
      md5: d8c97026fbee0bfbe9baf9e815ada5dc
      size: 13692
    - path: models/best_model3.pkl
      hash: md5
      md5: 9435aff6d31202481fe384e353e3f8b1
      size: 61004
    params:
      params.yaml:
        titanic3.output.metrics_path: reports/metrics3.json
        titanic3.output.model_path: models/best_model3.pkl
    outs:
    - path: reports/metrics3.json
      hash: md5
      md5: 7e7e57af7ddfe42293a56fd57f5679b9
      size: 113
