schema: '2.0'
stages:
  process_data:
    cmd: python trainer.py +pipeline.run_stage=process_data
    deps:
    - path: conf/config.yaml
      hash: md5
      md5: d2fd7ec40306b65dc9fdc098c393427c
      size: 44
    - path: conf/pipeline/titanic.yaml
      hash: md5
      md5: f6548f41fe222746123d8be44007fd2b
      size: 345
    - path: data/raw/train.csv
      hash: md5
      md5: 2309cc5f04782ed9bb6016d9f4e381cf
      size: 61194
    - path: src/training/process_data.py
      hash: md5
      md5: 9eb9c915b86ec92e7e112c3b53dce896
      size: 2024
    - path: trainer.py
      hash: md5
      md5: ec1afb7ef2f9c8edee88f895d3c3c177
      size: 3201
    outs:
    - path: data/processed/train-test.parquet
      hash: md5
      md5: dcea0a6e3af4c9841c5774b6cfa49bf7
      size: 8202
    - path: data/processed/train-train.parquet
      hash: md5
      md5: aa11ca9e71e3bb3620e0288214b6a3fb
      size: 13662
  train:
    cmd: python trainer.py +pipeline.run_stage=train
    deps:
    - path: conf/config.yaml
      hash: md5
      md5: d2fd7ec40306b65dc9fdc098c393427c
      size: 44
    - path: conf/pipeline/titanic.yaml
      hash: md5
      md5: f6548f41fe222746123d8be44007fd2b
      size: 345
    - path: data/processed/train-train.parquet
      hash: md5
      md5: aa11ca9e71e3bb3620e0288214b6a3fb
      size: 13662
    - path: src/training/process_data.py
      hash: md5
      md5: 9eb9c915b86ec92e7e112c3b53dce896
      size: 2024
    - path: src/training/train.py
      hash: md5
      md5: 710dbea2df5defe9bd015f269686afbc
      size: 1656
    - path: trainer.py
      hash: md5
      md5: ec1afb7ef2f9c8edee88f895d3c3c177
      size: 3201
    outs:
    - path: models/best_model.pkl
      hash: md5
      md5: 85c297565923a035d1ade833e1d8a44c
      size: 179696
  evaluate:
    cmd: python trainer.py +pipeline.run_stage=evaluate
    deps:
    - path: conf/config.yaml
      hash: md5
      md5: d2fd7ec40306b65dc9fdc098c393427c
      size: 44
    - path: conf/pipeline/titanic.yaml
      hash: md5
      md5: f6548f41fe222746123d8be44007fd2b
      size: 345
    - path: data/processed/train-test.parquet
      hash: md5
      md5: dcea0a6e3af4c9841c5774b6cfa49bf7
      size: 8202
    - path: models/best_model.pkl
      hash: md5
      md5: 85c297565923a035d1ade833e1d8a44c
      size: 179696
    - path: src/training/evaluate.py
      hash: md5
      md5: 506b5f92915137c416e3f372b39339a0
      size: 642
    - path: trainer.py
      hash: md5
      md5: ec1afb7ef2f9c8edee88f895d3c3c177
      size: 3201
    outs:
    - path: reports/metrics.json
      hash: md5
      md5: aa534d239d9407012611c8bc5f1c06b8
      size: 112
  process_data_1:
    cmd: python src\training\process_data.py titanic
    deps:
    - path: data/raw/train.csv
      hash: md5
      md5: 2309cc5f04782ed9bb6016d9f4e381cf
      size: 61194
    params:
      params.yaml:
        titanic.data:
          raw_path: data/raw
          processed_path: data/processed
          file_name: train
          target_column: Survived
        titanic.split:
          test_size: 0.7
          random_state: 48
    outs:
    - path: data/processed/train-test.parquet
      hash: md5
      md5: eab5fe4a13efefc1e6194575d54b9465
      size: 12815
    - path: data/processed/train-train.parquet
      hash: md5
      md5: af65db9d61654faefa4d037ef9ad4cf1
      size: 9249
  train_1:
    cmd: python src\training\train.py titanic
    deps:
    - path: data/processed/train-test.parquet
      hash: md5
      md5: eab5fe4a13efefc1e6194575d54b9465
      size: 12815
    params:
      params.yaml:
        titanic.model:
          logistic:
            max_iter: 81
            C: 0.5
          random_forest:
            random_state: 42
            n_estimators: 9
            max_depth: 11
            min_samples_split: 4
            min_samples_leaf: 10
    outs:
    - path: models/best_model.pkl
      hash: md5
      md5: c136227081ad44aef7dbbe6e311c9081
      size: 3207
  evaluate_1:
    cmd: python src\training\evaluate.py titanic
    deps:
    - path: data/processed/train-test.parquet
      hash: md5
      md5: eab5fe4a13efefc1e6194575d54b9465
      size: 12815
    - path: models/best_model.pkl
      hash: md5
      md5: c136227081ad44aef7dbbe6e311c9081
      size: 3207
    params:
      params.yaml:
        titanic.output.metrics_path: reports/metrics.json
        titanic.output.model_path: models/best_model.pkl
    outs:
    - path: reports/metrics.json
      hash: md5
      md5: 014ce78ba2a092f377ca283b03de8d73
      size: 113
  process_data_2:
    cmd: python src\training\process_data.py titanic2
    deps:
    - path: data/raw/train.csv
      hash: md5
      md5: 2309cc5f04782ed9bb6016d9f4e381cf
      size: 61194
    params:
      params.yaml:
        titanic2.data:
          raw_path: data/raw
          processed_path: data/processed
          file_name: train
          target_column: Survived
        titanic2.split:
          test_size: 0.2
          random_state: 11
    outs:
    - path: data/processed/train-test-2.parquet
      hash: md5
      md5: 4b9204a828de7abfa2967f7342515a2c
      size: 8224
    - path: data/processed/train-train-2.parquet
      hash: md5
      md5: 720d2b671b6ebfea7e597b6f4cc2a87e
      size: 13717
  train_2:
    cmd: python src\training\train.py titanic2
    deps:
    - path: data/processed/train-train-2.parquet
      hash: md5
      md5: 720d2b671b6ebfea7e597b6f4cc2a87e
      size: 13717
    params:
      params.yaml:
        titanic2.model:
          logistic:
            max_iter: 500
            C: 0.5
          random_forest:
            random_state: 12
            n_estimators: 10
            max_depth: 10
            min_samples_split: 4
            min_samples_leaf: 5
    outs:
    - path: models/best_model2.pkl
      hash: md5
      md5: 445451057ae06bd63e0d2043d9b6cb66
      size: 3208
  evaluate_2:
    cmd: python src\training\evaluate.py titanic2
    deps:
    - path: data/processed/train-test-2.parquet
      hash: md5
      md5: 4b9204a828de7abfa2967f7342515a2c
      size: 8224
    - path: models/best_model2.pkl
      hash: md5
      md5: 445451057ae06bd63e0d2043d9b6cb66
      size: 3208
    params:
      params.yaml:
        titanic2.output.metrics_path: reports/metrics2.json
        titanic2.output.model_path: models/best_model2.pkl
    outs:
    - path: reports/metrics2.json
      hash: md5
      md5: f18547a3f9a0ed588e3147d6fd0ae15a
      size: 113
